
Microsoft Visual Studio Solution File, Format Version 12.00
# Visual Studio Version 16
VisualStudioVersion = 16.0.32002.261
MinimumVisualStudioVersion = 10.0.40219.1
Project("{FAE04EC0-301F-11D3-BF4B-00C04F79EFBC}") = "Coursovaa", "Coursovaa.csproj", "{7F88385B-A2FF-4C4F-A8A6-B571FD78B694}"
EndProject
Global
	GlobalSection(SolutionConfigurationPlatforms) = preSolution
		Debug|Any CPU = Debug|Any CPU
		Release|Any CPU = Release|Any CPU
	EndGlobalSection
	GlobalSection(ProjectConfigurationPlatforms) = postSolution
		{7F88385B-A2FF-4C4F-A8A6-B571FD78B694}.Debug|Any CPU.ActiveCfg = Debug|Any CPU
		{7F88385B-A2FF-4C4F-A8A6-B571FD78B694}.Debug|Any CPU.Build.0 = Debug|Any CPU
		{7F88385B-A2FF-4C4F-A8A6-B571FD78B694}.Release|Any CPU.ActiveCfg = Release|Any CPU
		{7F88385B-A2FF-4C4F-A8A6-B571FD78B694}.Release|Any CPU.Build.0 = Release|Any CPU
	EndGlobalSection
	GlobalSection(SolutionProperties) = preSolution
		HideSolutionNode = FALSE
	EndGlobalSection
	GlobalSection(ExtensibilityGlobals) = postSolution
		SolutionGuid = {419B3CCC-9B9C-4EFF-AAFC-350206F49AB8}
	EndGlobalSection
EndGlobal
